
Microsoft Visual Studio Solution File, Format Version 12.00
# Visual Studio Version 17
VisualStudioVersion = 17.3.32901.215
MinimumVisualStudioVersion = 10.0.40219.1
Project("{9A19103F-16F7-4668-BE54-9A1E7A4F7556}") = "SpaceXCore", "SpaceXCore\SpaceXCore.csproj", "{7A1FB838-C493-4DA9-B615-24821061E686}"
EndProject
Project("{9A19103F-16F7-4668-BE54-9A1E7A4F7556}") = "SpaceXAPI", "SpaceXAPI\SpaceXAPI.csproj", "{DE22DED0-9FD9-4EED-9330-6D20B4BA27B5}"
EndProject
Project("{9A19103F-16F7-4668-BE54-9A1E7A4F7556}") = "SpaceXAPI.UnitTests", "SpaceXAPI.UnitTests\SpaceXAPI.UnitTests.csproj", "{EAED80A1-AD17-4528-8E4B-122F53CB1D4A}"
EndProject
Global
	GlobalSection(SolutionConfigurationPlatforms) = preSolution
		Debug|Any CPU = Debug|Any CPU
		Release|Any CPU = Release|Any CPU
	EndGlobalSection
	GlobalSection(ProjectConfigurationPlatforms) = postSolution
		{7A1FB838-C493-4DA9-B615-24821061E686}.Debug|Any CPU.ActiveCfg = Debug|Any CPU
		{7A1FB838-C493-4DA9-B615-24821061E686}.Debug|Any CPU.Build.0 = Debug|Any CPU
		{7A1FB838-C493-4DA9-B615-24821061E686}.Release|Any CPU.ActiveCfg = Release|Any CPU
		{7A1FB838-C493-4DA9-B615-24821061E686}.Release|Any CPU.Build.0 = Release|Any CPU
		{DE22DED0-9FD9-4EED-9330-6D20B4BA27B5}.Debug|Any CPU.ActiveCfg = Debug|Any CPU
		{DE22DED0-9FD9-4EED-9330-6D20B4BA27B5}.Debug|Any CPU.Build.0 = Debug|Any CPU
		{DE22DED0-9FD9-4EED-9330-6D20B4BA27B5}.Release|Any CPU.ActiveCfg = Release|Any CPU
		{DE22DED0-9FD9-4EED-9330-6D20B4BA27B5}.Release|Any CPU.Build.0 = Release|Any CPU
		{EAED80A1-AD17-4528-8E4B-122F53CB1D4A}.Debug|Any CPU.ActiveCfg = Debug|Any CPU
		{EAED80A1-AD17-4528-8E4B-122F53CB1D4A}.Debug|Any CPU.Build.0 = Debug|Any CPU
		{EAED80A1-AD17-4528-8E4B-122F53CB1D4A}.Release|Any CPU.ActiveCfg = Release|Any CPU
		{EAED80A1-AD17-4528-8E4B-122F53CB1D4A}.Release|Any CPU.Build.0 = Release|Any CPU
	EndGlobalSection
	GlobalSection(SolutionProperties) = preSolution
		HideSolutionNode = FALSE
	EndGlobalSection
	GlobalSection(ExtensibilityGlobals) = postSolution
		SolutionGuid = {EB5CE1AA-7696-4F18-BA09-B5D258280E40}
	EndGlobalSection
EndGlobal
